// !$*UTF8*$!
{
	archiveVersion = 1;
	classes = {
	};
	objectVersion = 56;
	objects = {

/* Begin PBXBuildFile section */
		3FC9FAAA2A220ABC00A6A9EB /* AppDelegate.swift in Sources */ = {isa = PBXBuildFile; fileRef = 3FC9FAA92A220ABC00A6A9EB /* AppDelegate.swift */; };
		3FC9FAAC2A220ABC00A6A9EB /* SceneDelegate.swift in Sources */ = {isa = PBXBuildFile; fileRef = 3FC9FAAB2A220ABC00A6A9EB /* SceneDelegate.swift */; };
		3FC9FAAE2A220ABC00A6A9EB /* ViewController.swift in Sources */ = {isa = PBXBuildFile; fileRef = 3FC9FAAD2A220ABC00A6A9EB /* ViewController.swift */; };
		3FC9FAB12A220ABC00A6A9EB /* Main.storyboard in Resources */ = {isa = PBXBuildFile; fileRef = 3FC9FAAF2A220ABC00A6A9EB /* Main.storyboard */; };
		3FC9FAB42A220ABC00A6A9EB /* TestCartComponent.xcdatamodeld in Sources */ = {isa = PBXBuildFile; fileRef = 3FC9FAB22A220ABC00A6A9EB /* TestCartComponent.xcdatamodeld */; };
		3FC9FAB62A220ABD00A6A9EB /* Assets.xcassets in Resources */ = {isa = PBXBuildFile; fileRef = 3FC9FAB52A220ABD00A6A9EB /* Assets.xcassets */; };
		3FC9FAB92A220ABD00A6A9EB /* LaunchScreen.storyboard in Resources */ = {isa = PBXBuildFile; fileRef = 3FC9FAB72A220ABD00A6A9EB /* LaunchScreen.storyboard */; };
		3FC9FAC62A220B9800A6A9EB /* LoginViewController.swift in Sources */ = {isa = PBXBuildFile; fileRef = 3FC9FAC52A220B9800A6A9EB /* LoginViewController.swift */; };
		3FC9FAC82A220BB000A6A9EB /* RegisterViewController.swift in Sources */ = {isa = PBXBuildFile; fileRef = 3FC9FAC72A220BB000A6A9EB /* RegisterViewController.swift */; };
		3FC9FACA2A220BD100A6A9EB /* RegularHomeTableViewController.swift in Sources */ = {isa = PBXBuildFile; fileRef = 3FC9FAC92A220BD100A6A9EB /* RegularHomeTableViewController.swift */; };
		3FC9FACC2A220BE500A6A9EB /* RegularHomeTableViewCell.swift in Sources */ = {isa = PBXBuildFile; fileRef = 3FC9FACB2A220BE500A6A9EB /* RegularHomeTableViewCell.swift */; };
		3FC9FACE2A220C0800A6A9EB /* RegularHomeProductDetailViewController.swift in Sources */ = {isa = PBXBuildFile; fileRef = 3FC9FACD2A220C0800A6A9EB /* RegularHomeProductDetailViewController.swift */; };
		3FC9FAD02A220C3800A6A9EB /* RegularCartTableViewController.swift in Sources */ = {isa = PBXBuildFile; fileRef = 3FC9FACF2A220C3800A6A9EB /* RegularCartTableViewController.swift */; };
		3FC9FAD22A220C5200A6A9EB /* RegularCartTableViewCell.swift in Sources */ = {isa = PBXBuildFile; fileRef = 3FC9FAD12A220C5200A6A9EB /* RegularCartTableViewCell.swift */; };
/* End PBXBuildFile section */

/* Begin PBXFileReference section */
		3FC9FAA62A220ABC00A6A9EB /* TestCartComponent.app */ = {isa = PBXFileReference; explicitFileType = wrapper.application; includeInIndex = 0; path = TestCartComponent.app; sourceTree = BUILT_PRODUCTS_DIR; };
		3FC9FAA92A220ABC00A6A9EB /* AppDelegate.swift */ = {isa = PBXFileReference; lastKnownFileType = sourcecode.swift; path = AppDelegate.swift; sourceTree = "<group>"; };
		3FC9FAAB2A220ABC00A6A9EB /* SceneDelegate.swift */ = {isa = PBXFileReference; lastKnownFileType = sourcecode.swift; path = SceneDelegate.swift; sourceTree = "<group>"; };
		3FC9FAAD2A220ABC00A6A9EB /* ViewController.swift */ = {isa = PBXFileReference; lastKnownFileType = sourcecode.swift; path = ViewController.swift; sourceTree = "<group>"; };
		3FC9FAB02A220ABC00A6A9EB /* Base */ = {isa = PBXFileReference; lastKnownFileType = file.storyboard; name = Base; path = Base.lproj/Main.storyboard; sourceTree = "<group>"; };
		3FC9FAB32A220ABC00A6A9EB /* TestCartComponent.xcdatamodel */ = {isa = PBXFileReference; lastKnownFileType = wrapper.xcdatamodel; path = TestCartComponent.xcdatamodel; sourceTree = "<group>"; };
		3FC9FAB52A220ABD00A6A9EB /* Assets.xcassets */ = {isa = PBXFileReference; lastKnownFileType = folder.assetcatalog; path = Assets.xcassets; sourceTree = "<group>"; };
		3FC9FAB82A220ABD00A6A9EB /* Base */ = {isa = PBXFileReference; lastKnownFileType = file.storyboard; name = Base; path = Base.lproj/LaunchScreen.storyboard; sourceTree = "<group>"; };
		3FC9FABA2A220ABD00A6A9EB /* Info.plist */ = {isa = PBXFileReference; lastKnownFileType = text.plist.xml; path = Info.plist; sourceTree = "<group>"; };
		3FC9FAC52A220B9800A6A9EB /* LoginViewController.swift */ = {isa = PBXFileReference; lastKnownFileType = sourcecode.swift; path = LoginViewController.swift; sourceTree = "<group>"; };
		3FC9FAC72A220BB000A6A9EB /* RegisterViewController.swift */ = {isa = PBXFileReference; lastKnownFileType = sourcecode.swift; name = RegisterViewController.swift; path = TestCartComponent/Views/RegisterViewController.swift; sourceTree = SOURCE_ROOT; };
		3FC9FAC92A220BD100A6A9EB /* RegularHomeTableViewController.swift */ = {isa = PBXFileReference; lastKnownFileType = sourcecode.swift; path = RegularHomeTableViewController.swift; sourceTree = "<group>"; };
		3FC9FACB2A220BE500A6A9EB /* RegularHomeTableViewCell.swift */ = {isa = PBXFileReference; lastKnownFileType = sourcecode.swift; path = RegularHomeTableViewCell.swift; sourceTree = "<group>"; };
		3FC9FACD2A220C0800A6A9EB /* RegularHomeProductDetailViewController.swift */ = {isa = PBXFileReference; lastKnownFileType = sourcecode.swift; path = RegularHomeProductDetailViewController.swift; sourceTree = "<group>"; };
		3FC9FACF2A220C3800A6A9EB /* RegularCartTableViewController.swift */ = {isa = PBXFileReference; lastKnownFileType = sourcecode.swift; path = RegularCartTableViewController.swift; sourceTree = "<group>"; };
		3FC9FAD12A220C5200A6A9EB /* RegularCartTableViewCell.swift */ = {isa = PBXFileReference; lastKnownFileType = sourcecode.swift; path = RegularCartTableViewCell.swift; sourceTree = "<group>"; };
/* End PBXFileReference section */

/* Begin PBXFrameworksBuildPhase section */
		3FC9FAA32A220ABC00A6A9EB /* Frameworks */ = {
			isa = PBXFrameworksBuildPhase;
			buildActionMask = 2147483647;
			files = (
			);
			runOnlyForDeploymentPostprocessing = 0;
		};
/* End PBXFrameworksBuildPhase section */

/* Begin PBXGroup section */
		3FC9FA9D2A220ABC00A6A9EB = {
			isa = PBXGroup;
			children = (
				3FC9FAA82A220ABC00A6A9EB /* TestCartComponent */,
				3FC9FAA72A220ABC00A6A9EB /* Products */,
			);
			sourceTree = "<group>";
		};
		3FC9FAA72A220ABC00A6A9EB /* Products */ = {
			isa = PBXGroup;
			children = (
				3FC9FAA62A220ABC00A6A9EB /* TestCartComponent.app */,
			);
			name = Products;
			sourceTree = "<group>";
		};
		3FC9FAA82A220ABC00A6A9EB /* TestCartComponent */ = {
			isa = PBXGroup;
			children = (
				3FC9FAC22A220B5D00A6A9EB /* Model */,
				3FC9FAC12A220B5400A6A9EB /* Views */,
				3FC9FAA92A220ABC00A6A9EB /* AppDelegate.swift */,
				3FC9FAAB2A220ABC00A6A9EB /* SceneDelegate.swift */,
				3FC9FAAD2A220ABC00A6A9EB /* ViewController.swift */,
				3FC9FAAF2A220ABC00A6A9EB /* Main.storyboard */,
				3FC9FAB52A220ABD00A6A9EB /* Assets.xcassets */,
				3FC9FAB72A220ABD00A6A9EB /* LaunchScreen.storyboard */,
				3FC9FABA2A220ABD00A6A9EB /* Info.plist */,
				3FC9FAB22A220ABC00A6A9EB /* TestCartComponent.xcdatamodeld */,
			);
			path = TestCartComponent;
			sourceTree = "<group>";
		};
		3FC9FAC02A220B4A00A6A9EB /* Regular */ = {
			isa = PBXGroup;
			children = (
				3FC9FAC42A220B7200A6A9EB /* Cart */,
				3FC9FAC32A220B6D00A6A9EB /* Home */,
			);
			path = Regular;
			sourceTree = "<group>";
		};
		3FC9FAC12A220B5400A6A9EB /* Views */ = {
			isa = PBXGroup;
			children = (
				3FC9FAC02A220B4A00A6A9EB /* Regular */,
				3FC9FAC52A220B9800A6A9EB /* LoginViewController.swift */,
				3FC9FAC72A220BB000A6A9EB /* RegisterViewController.swift */,
			);
			path = Views;
			sourceTree = "<group>";
		};
		3FC9FAC22A220B5D00A6A9EB /* Model */ = {
			isa = PBXGroup;
			children = (
			);
			path = Model;
			sourceTree = "<group>";
		};
		3FC9FAC32A220B6D00A6A9EB /* Home */ = {
			isa = PBXGroup;
			children = (
				3FC9FAC92A220BD100A6A9EB /* RegularHomeTableViewController.swift */,
				3FC9FACB2A220BE500A6A9EB /* RegularHomeTableViewCell.swift */,
				3FC9FACD2A220C0800A6A9EB /* RegularHomeProductDetailViewController.swift */,
			);
			path = Home;
			sourceTree = "<group>";
		};
		3FC9FAC42A220B7200A6A9EB /* Cart */ = {
			isa = PBXGroup;
			children = (
				3FC9FACF2A220C3800A6A9EB /* RegularCartTableViewController.swift */,
				3FC9FAD12A220C5200A6A9EB /* RegularCartTableViewCell.swift */,
			);
			path = Cart;
			sourceTree = "<group>";
		};
/* End PBXGroup section */

/* Begin PBXNativeTarget section */
		3FC9FAA52A220ABC00A6A9EB /* TestCartComponent */ = {
			isa = PBXNativeTarget;
			buildConfigurationList = 3FC9FABD2A220ABD00A6A9EB /* Build configuration list for PBXNativeTarget "TestCartComponent" */;
			buildPhases = (
				3FC9FAA22A220ABC00A6A9EB /* Sources */,
				3FC9FAA32A220ABC00A6A9EB /* Frameworks */,
				3FC9FAA42A220ABC00A6A9EB /* Resources */,
			);
			buildRules = (
			);
			dependencies = (
			);
			name = TestCartComponent;
			productName = TestCartComponent;
			productReference = 3FC9FAA62A220ABC00A6A9EB /* TestCartComponent.app */;
			productType = "com.apple.product-type.application";
		};
/* End PBXNativeTarget section */

/* Begin PBXProject section */
		3FC9FA9E2A220ABC00A6A9EB /* Project object */ = {
			isa = PBXProject;
			attributes = {
				BuildIndependentTargetsInParallel = 1;
				LastSwiftUpdateCheck = 1420;
				LastUpgradeCheck = 1420;
				TargetAttributes = {
					3FC9FAA52A220ABC00A6A9EB = {
						CreatedOnToolsVersion = 14.2;
					};
				};
			};
			buildConfigurationList = 3FC9FAA12A220ABC00A6A9EB /* Build configuration list for PBXProject "TestCartComponent" */;
			compatibilityVersion = "Xcode 14.0";
			developmentRegion = en;
			hasScannedForEncodings = 0;
			knownRegions = (
				en,
				Base,
			);
			mainGroup = 3FC9FA9D2A220ABC00A6A9EB;
			productRefGroup = 3FC9FAA72A220ABC00A6A9EB /* Products */;
			projectDirPath = "";
			projectRoot = "";
			targets = (
				3FC9FAA52A220ABC00A6A9EB /* TestCartComponent */,
			);
		};
/* End PBXProject section */

/* Begin PBXResourcesBuildPhase section */
		3FC9FAA42A220ABC00A6A9EB /* Resources */ = {
			isa = PBXResourcesBuildPhase;
			buildActionMask = 2147483647;
			files = (
				3FC9FAB92A220ABD00A6A9EB /* LaunchScreen.storyboard in Resources */,
				3FC9FAB62A220ABD00A6A9EB /* Assets.xcassets in Resources */,
				3FC9FAB12A220ABC00A6A9EB /* Main.storyboard in Resources */,
			);
			runOnlyForDeploymentPostprocessing = 0;
		};
/* End PBXResourcesBuildPhase section */

/* Begin PBXSourcesBuildPhase section */
		3FC9FAA22A220ABC00A6A9EB /* Sources */ = {
			isa = PBXSourcesBuildPhase;
			buildActionMask = 2147483647;
			files = (
				3FC9FAD02A220C3800A6A9EB /* RegularCartTableViewController.swift in Sources */,
				3FC9FAAE2A220ABC00A6A9EB /* ViewController.swift in Sources */,
				3FC9FAAA2A220ABC00A6A9EB /* AppDelegate.swift in Sources */,
				3FC9FAAC2A220ABC00A6A9EB /* SceneDelegate.swift in Sources */,
				3FC9FAC82A220BB000A6A9EB /* RegisterViewController.swift in Sources */,
				3FC9FACA2A220BD100A6A9EB /* RegularHomeTableViewController.swift in Sources */,
				3FC9FAC62A220B9800A6A9EB /* LoginViewController.swift in Sources */,
				3FC9FAB42A220ABC00A6A9EB /* TestCartComponent.xcdatamodeld in Sources */,
				3FC9FAD22A220C5200A6A9EB /* RegularCartTableViewCell.swift in Sources */,
				3FC9FACC2A220BE500A6A9EB /* RegularHomeTableViewCell.swift in Sources */,
				3FC9FACE2A220C0800A6A9EB /* RegularHomeProductDetailViewController.swift in Sources */,
			);
			runOnlyForDeploymentPostprocessing = 0;
		};
/* End PBXSourcesBuildPhase section */

/* Begin PBXVariantGroup section */
		3FC9FAAF2A220ABC00A6A9EB /* Main.storyboard */ = {
			isa = PBXVariantGroup;
			children = (
				3FC9FAB02A220ABC00A6A9EB /* Base */,
			);
			name = Main.storyboard;
			sourceTree = "<group>";
		};
		3FC9FAB72A220ABD00A6A9EB /* LaunchScreen.storyboard */ = {
			isa = PBXVariantGroup;
			children = (
				3FC9FAB82A220ABD00A6A9EB /* Base */,
			);
			name = LaunchScreen.storyboard;
			sourceTree = "<group>";
		};
/* End PBXVariantGroup section */

/* Begin XCBuildConfiguration section */
		3FC9FABB2A220ABD00A6A9EB /* Debug */ = {
			isa = XCBuildConfiguration;
			buildSettings = {
				ALWAYS_SEARCH_USER_PATHS = NO;
				CLANG_ANALYZER_NONNULL = YES;
				CLANG_ANALYZER_NUMBER_OBJECT_CONVERSION = YES_AGGRESSIVE;
				CLANG_CXX_LANGUAGE_STANDARD = "gnu++20";
				CLANG_ENABLE_MODULES = YES;
				CLANG_ENABLE_OBJC_ARC = YES;
				CLANG_ENABLE_OBJC_WEAK = YES;
				CLANG_WARN_BLOCK_CAPTURE_AUTORELEASING = YES;
				CLANG_WARN_BOOL_CONVERSION = YES;
				CLANG_WARN_COMMA = YES;
				CLANG_WARN_CONSTANT_CONVERSION = YES;
				CLANG_WARN_DEPRECATED_OBJC_IMPLEMENTATIONS = YES;
				CLANG_WARN_DIRECT_OBJC_ISA_USAGE = YES_ERROR;
				CLANG_WARN_DOCUMENTATION_COMMENTS = YES;
				CLANG_WARN_EMPTY_BODY = YES;
				CLANG_WARN_ENUM_CONVERSION = YES;
				CLANG_WARN_INFINITE_RECURSION = YES;
				CLANG_WARN_INT_CONVERSION = YES;
				CLANG_WARN_NON_LITERAL_NULL_CONVERSION = YES;
				CLANG_WARN_OBJC_IMPLICIT_RETAIN_SELF = YES;
				CLANG_WARN_OBJC_LITERAL_CONVERSION = YES;
				CLANG_WARN_OBJC_ROOT_CLASS = YES_ERROR;
				CLANG_WARN_QUOTED_INCLUDE_IN_FRAMEWORK_HEADER = YES;
				CLANG_WARN_RANGE_LOOP_ANALYSIS = YES;
				CLANG_WARN_STRICT_PROTOTYPES = YES;
				CLANG_WARN_SUSPICIOUS_MOVE = YES;
				CLANG_WARN_UNGUARDED_AVAILABILITY = YES_AGGRESSIVE;
				CLANG_WARN_UNREACHABLE_CODE = YES;
				CLANG_WARN__DUPLICATE_METHOD_MATCH = YES;
				COPY_PHASE_STRIP = NO;
				DEBUG_INFORMATION_FORMAT = dwarf;
				ENABLE_STRICT_OBJC_MSGSEND = YES;
				ENABLE_TESTABILITY = YES;
				GCC_C_LANGUAGE_STANDARD = gnu11;
				GCC_DYNAMIC_NO_PIC = NO;
				GCC_NO_COMMON_BLOCKS = YES;
				GCC_OPTIMIZATION_LEVEL = 0;
				GCC_PREPROCESSOR_DEFINITIONS = (
					"DEBUG=1",
					"$(inherited)",
				);
				GCC_WARN_64_TO_32_BIT_CONVERSION = YES;
				GCC_WARN_ABOUT_RETURN_TYPE = YES_ERROR;
				GCC_WARN_UNDECLARED_SELECTOR = YES;
				GCC_WARN_UNINITIALIZED_AUTOS = YES_AGGRESSIVE;
				GCC_WARN_UNUSED_FUNCTION = YES;
				GCC_WARN_UNUSED_VARIABLE = YES;
				IPHONEOS_DEPLOYMENT_TARGET = 16.2;
				MTL_ENABLE_DEBUG_INFO = INCLUDE_SOURCE;
				MTL_FAST_MATH = YES;
				ONLY_ACTIVE_ARCH = YES;
				SDKROOT = iphoneos;
				SWIFT_ACTIVE_COMPILATION_CONDITIONS = DEBUG;
				SWIFT_OPTIMIZATION_LEVEL = "-Onone";
			};
			name = Debug;
		};
		3FC9FABC2A220ABD00A6A9EB /* Release */ = {
			isa = XCBuildConfiguration;
			buildSettings = {
				ALWAYS_SEARCH_USER_PATHS = NO;
				CLANG_ANALYZER_NONNULL = YES;
				CLANG_ANALYZER_NUMBER_OBJECT_CONVERSION = YES_AGGRESSIVE;
				CLANG_CXX_LANGUAGE_STANDARD = "gnu++20";
				CLANG_ENABLE_MODULES = YES;
				CLANG_ENABLE_OBJC_ARC = YES;
				CLANG_ENABLE_OBJC_WEAK = YES;
				CLANG_WARN_BLOCK_CAPTURE_AUTORELEASING = YES;
				CLANG_WARN_BOOL_CONVERSION = YES;
				CLANG_WARN_COMMA = YES;
				CLANG_WARN_CONSTANT_CONVERSION = YES;
				CLANG_WARN_DEPRECATED_OBJC_IMPLEMENTATIONS = YES;
				CLANG_WARN_DIRECT_OBJC_ISA_USAGE = YES_ERROR;
				CLANG_WARN_DOCUMENTATION_COMMENTS = YES;
				CLANG_WARN_EMPTY_BODY = YES;
				CLANG_WARN_ENUM_CONVERSION = YES;
				CLANG_WARN_INFINITE_RECURSION = YES;
				CLANG_WARN_INT_CONVERSION = YES;
				CLANG_WARN_NON_LITERAL_NULL_CONVERSION = YES;
				CLANG_WARN_OBJC_IMPLICIT_RETAIN_SELF = YES;
				CLANG_WARN_OBJC_LITERAL_CONVERSION = YES;
				CLANG_WARN_OBJC_ROOT_CLASS = YES_ERROR;
				CLANG_WARN_QUOTED_INCLUDE_IN_FRAMEWORK_HEADER = YES;
				CLANG_WARN_RANGE_LOOP_ANALYSIS = YES;
				CLANG_WARN_STRICT_PROTOTYPES = YES;
				CLANG_WARN_SUSPICIOUS_MOVE = YES;
				CLANG_WARN_UNGUARDED_AVAILABILITY = YES_AGGRESSIVE;
				CLANG_WARN_UNREACHABLE_CODE = YES;
				CLANG_WARN__DUPLICATE_METHOD_MATCH = YES;
				COPY_PHASE_STRIP = NO;
				DEBUG_INFORMATION_FORMAT = "dwarf-with-dsym";
				ENABLE_NS_ASSERTIONS = NO;
				ENABLE_STRICT_OBJC_MSGSEND = YES;
				GCC_C_LANGUAGE_STANDARD = gnu11;
				GCC_NO_COMMON_BLOCKS = YES;
				GCC_WARN_64_TO_32_BIT_CONVERSION = YES;
				GCC_WARN_ABOUT_RETURN_TYPE = YES_ERROR;
				GCC_WARN_UNDECLARED_SELECTOR = YES;
				GCC_WARN_UNINITIALIZED_AUTOS = YES_AGGRESSIVE;
				GCC_WARN_UNUSED_FUNCTION = YES;
				GCC_WARN_UNUSED_VARIABLE = YES;
				IPHONEOS_DEPLOYMENT_TARGET = 16.2;
				MTL_ENABLE_DEBUG_INFO = NO;
				MTL_FAST_MATH = YES;
				SDKROOT = iphoneos;
				SWIFT_COMPILATION_MODE = wholemodule;
				SWIFT_OPTIMIZATION_LEVEL = "-O";
				VALIDATE_PRODUCT = YES;
			};
			name = Release;
		};
		3FC9FABE2A220ABD00A6A9EB /* Debug */ = {
			isa = XCBuildConfiguration;
			buildSettings = {
				ASSETCATALOG_COMPILER_APPICON_NAME = AppIcon;
				ASSETCATALOG_COMPILER_GLOBAL_ACCENT_COLOR_NAME = AccentColor;
				CODE_SIGN_STYLE = Automatic;
				CURRENT_PROJECT_VERSION = 1;
				DEVELOPMENT_TEAM = 4Y632B5RV5;
				GENERATE_INFOPLIST_FILE = YES;
				INFOPLIST_FILE = TestCartComponent/Info.plist;
				INFOPLIST_KEY_UIApplicationSupportsIndirectInputEvents = YES;
				INFOPLIST_KEY_UILaunchStoryboardName = LaunchScreen;
				INFOPLIST_KEY_UIMainStoryboardFile = Main;
				INFOPLIST_KEY_UISupportedInterfaceOrientations = UIInterfaceOrientationPortrait;
				INFOPLIST_KEY_UISupportedInterfaceOrientations_iPad = "UIInterfaceOrientationLandscapeLeft UIInterfaceOrientationLandscapeRight UIInterfaceOrientationPortrait UIInterfaceOrientationPortraitUpsideDown";
				LD_RUNPATH_SEARCH_PATHS = (
					"$(inherited)",
					"@executable_path/Frameworks",
				);
				MARKETING_VERSION = 1.0;
				PRODUCT_BUNDLE_IDENTIFIER = "Manukau-Institute-of-Technology.TestCartComponent";
				PRODUCT_NAME = "$(TARGET_NAME)";
				SUPPORTED_PLATFORMS = "iphoneos iphonesimulator";
				SUPPORTS_MACCATALYST = NO;
				SUPPORTS_MAC_DESIGNED_FOR_IPHONE_IPAD = NO;
				SWIFT_EMIT_LOC_STRINGS = YES;
				SWIFT_VERSION = 5.0;
				TARGETED_DEVICE_FAMILY = 1;
			};
			name = Debug;
		};
		3FC9FABF2A220ABD00A6A9EB /* Release */ = {
			isa = XCBuildConfiguration;
			buildSettings = {
				ASSETCATALOG_COMPILER_APPICON_NAME = AppIcon;
				ASSETCATALOG_COMPILER_GLOBAL_ACCENT_COLOR_NAME = AccentColor;
				CODE_SIGN_STYLE = Automatic;
				CURRENT_PROJECT_VERSION = 1;
				DEVELOPMENT_TEAM = 4Y632B5RV5;
				GENERATE_INFOPLIST_FILE = YES;
				INFOPLIST_FILE = TestCartComponent/Info.plist;
				INFOPLIST_KEY_UIApplicationSupportsIndirectInputEvents = YES;
				INFOPLIST_KEY_UILaunchStoryboardName = LaunchScreen;
				INFOPLIST_KEY_UIMainStoryboardFile = Main;
				INFOPLIST_KEY_UISupportedInterfaceOrientations = UIInterfaceOrientationPortrait;
				INFOPLIST_KEY_UISupportedInterfaceOrientations_iPad = "UIInterfaceOrientationLandscapeLeft UIInterfaceOrientationLandscapeRight UIInterfaceOrientationPortrait UIInterfaceOrientationPortraitUpsideDown";
				LD_RUNPATH_SEARCH_PATHS = (
					"$(inherited)",
					"@executable_path/Frameworks",
				);
				MARKETING_VERSION = 1.0;
				PRODUCT_BUNDLE_IDENTIFIER = "Manukau-Institute-of-Technology.TestCartComponent";
				PRODUCT_NAME = "$(TARGET_NAME)";
				SUPPORTED_PLATFORMS = "iphoneos iphonesimulator";
				SUPPORTS_MACCATALYST = NO;
				SUPPORTS_MAC_DESIGNED_FOR_IPHONE_IPAD = NO;
				SWIFT_EMIT_LOC_STRINGS = YES;
				SWIFT_VERSION = 5.0;
				TARGETED_DEVICE_FAMILY = 1;
			};
			name = Release;
		};
/* End XCBuildConfiguration section */

/* Begin XCConfigurationList section */
		3FC9FAA12A220ABC00A6A9EB /* Build configuration list for PBXProject "TestCartComponent" */ = {
			isa = XCConfigurationList;
			buildConfigurations = (
				3FC9FABB2A220ABD00A6A9EB /* Debug */,
				3FC9FABC2A220ABD00A6A9EB /* Release */,
			);
			defaultConfigurationIsVisible = 0;
			defaultConfigurationName = Release;
		};
		3FC9FABD2A220ABD00A6A9EB /* Build configuration list for PBXNativeTarget "TestCartComponent" */ = {
			isa = XCConfigurationList;
			buildConfigurations = (
				3FC9FABE2A220ABD00A6A9EB /* Debug */,
				3FC9FABF2A220ABD00A6A9EB /* Release */,
			);
			defaultConfigurationIsVisible = 0;
			defaultConfigurationName = Release;
		};
/* End XCConfigurationList section */

/* Begin XCVersionGroup section */
		3FC9FAB22A220ABC00A6A9EB /* TestCartComponent.xcdatamodeld */ = {
			isa = XCVersionGroup;
			children = (
				3FC9FAB32A220ABC00A6A9EB /* TestCartComponent.xcdatamodel */,
			);
			currentVersion = 3FC9FAB32A220ABC00A6A9EB /* TestCartComponent.xcdatamodel */;
			path = TestCartComponent.xcdatamodeld;
			sourceTree = "<group>";
			versionGroupType = wrapper.xcdatamodel;
		};
/* End XCVersionGroup section */
	};
	rootObject = 3FC9FA9E2A220ABC00A6A9EB /* Project object */;
}
